
Microsoft Visual Studio Solution File, Format Version 12.00
# Visual Studio Version 16
VisualStudioVersion = 16.0.31129.286
MinimumVisualStudioVersion = 10.0.40219.1
Project("{FAE04EC0-301F-11D3-BF4B-00C04F79EFBC}") = "AspNetCoreCodeFix", "AspNetCoreCodeFix\AspNetCoreCodeFix\AspNetCoreCodeFix.csproj", "{A84850DA-F72E-40C1-815D-F9E8CF839059}"
EndProject
Project("{FAE04EC0-301F-11D3-BF4B-00C04F79EFBC}") = "AspNetCoreCodeFix.CodeFixes", "AspNetCoreCodeFix\AspNetCoreCodeFix.CodeFixes\AspNetCoreCodeFix.CodeFixes.csproj", "{1AA19525-F1DE-41A4-8B3E-54D206B239C3}"
EndProject
Project("{FAE04EC0-301F-11D3-BF4B-00C04F79EFBC}") = "AspNetCoreCodeFix.Package", "AspNetCoreCodeFix\AspNetCoreCodeFix.Package\AspNetCoreCodeFix.Package.csproj", "{5927C8F4-64BA-428A-894C-C334060774E8}"
EndProject
Project("{FAE04EC0-301F-11D3-BF4B-00C04F79EFBC}") = "AspNetCoreCodeFix.Test", "AspNetCoreCodeFix\AspNetCoreCodeFix.Test\AspNetCoreCodeFix.Test.csproj", "{1007E28C-A15E-4C9A-BA83-E649C1AE2D19}"
EndProject
Project("{FAE04EC0-301F-11D3-BF4B-00C04F79EFBC}") = "AspNetCoreCodeFix.Vsix", "AspNetCoreCodeFix\AspNetCoreCodeFix.Vsix\AspNetCoreCodeFix.Vsix.csproj", "{F2286725-95B7-43C4-A91B-79E950BCE78E}"
EndProject
Global
	GlobalSection(SolutionConfigurationPlatforms) = preSolution
		Debug|Any CPU = Debug|Any CPU
		Release|Any CPU = Release|Any CPU
	EndGlobalSection
	GlobalSection(ProjectConfigurationPlatforms) = postSolution
		{A84850DA-F72E-40C1-815D-F9E8CF839059}.Debug|Any CPU.ActiveCfg = Debug|Any CPU
		{A84850DA-F72E-40C1-815D-F9E8CF839059}.Debug|Any CPU.Build.0 = Debug|Any CPU
		{A84850DA-F72E-40C1-815D-F9E8CF839059}.Release|Any CPU.ActiveCfg = Release|Any CPU
		{A84850DA-F72E-40C1-815D-F9E8CF839059}.Release|Any CPU.Build.0 = Release|Any CPU
		{1AA19525-F1DE-41A4-8B3E-54D206B239C3}.Debug|Any CPU.ActiveCfg = Debug|Any CPU
		{1AA19525-F1DE-41A4-8B3E-54D206B239C3}.Debug|Any CPU.Build.0 = Debug|Any CPU
		{1AA19525-F1DE-41A4-8B3E-54D206B239C3}.Release|Any CPU.ActiveCfg = Release|Any CPU
		{1AA19525-F1DE-41A4-8B3E-54D206B239C3}.Release|Any CPU.Build.0 = Release|Any CPU
		{5927C8F4-64BA-428A-894C-C334060774E8}.Debug|Any CPU.ActiveCfg = Debug|Any CPU
		{5927C8F4-64BA-428A-894C-C334060774E8}.Debug|Any CPU.Build.0 = Debug|Any CPU
		{5927C8F4-64BA-428A-894C-C334060774E8}.Release|Any CPU.ActiveCfg = Release|Any CPU
		{5927C8F4-64BA-428A-894C-C334060774E8}.Release|Any CPU.Build.0 = Release|Any CPU
		{1007E28C-A15E-4C9A-BA83-E649C1AE2D19}.Debug|Any CPU.ActiveCfg = Debug|Any CPU
		{1007E28C-A15E-4C9A-BA83-E649C1AE2D19}.Debug|Any CPU.Build.0 = Debug|Any CPU
		{1007E28C-A15E-4C9A-BA83-E649C1AE2D19}.Release|Any CPU.ActiveCfg = Release|Any CPU
		{1007E28C-A15E-4C9A-BA83-E649C1AE2D19}.Release|Any CPU.Build.0 = Release|Any CPU
		{F2286725-95B7-43C4-A91B-79E950BCE78E}.Debug|Any CPU.ActiveCfg = Debug|Any CPU
		{F2286725-95B7-43C4-A91B-79E950BCE78E}.Debug|Any CPU.Build.0 = Debug|Any CPU
		{F2286725-95B7-43C4-A91B-79E950BCE78E}.Release|Any CPU.ActiveCfg = Release|Any CPU
		{F2286725-95B7-43C4-A91B-79E950BCE78E}.Release|Any CPU.Build.0 = Release|Any CPU
	EndGlobalSection
	GlobalSection(SolutionProperties) = preSolution
		HideSolutionNode = FALSE
	EndGlobalSection
	GlobalSection(ExtensibilityGlobals) = postSolution
		SolutionGuid = {4973F530-EFE1-42E6-BB1F-4E6FC2E112C9}
	EndGlobalSection
EndGlobal
